
Microsoft Visual Studio Solution File, Format Version 12.00
# Visual Studio 15
VisualStudioVersion = 15.0.28010.2036
MinimumVisualStudioVersion = 10.0.40219.1
Project("{FAE04EC0-301F-11D3-BF4B-00C04F79EFBC}") = "dgCompiler", "dgCompiler\dgCompiler.csproj", "{31D844F6-2282-453C-B46D-EF6420D918AB}"
EndProject
Project("{FAE04EC0-301F-11D3-BF4B-00C04F79EFBC}") = "UnitTests", "UnitTests\UnitTests.csproj", "{6825C9DC-21B0-4DB3-AA61-9D19ED5C3177}"
EndProject
Global
	GlobalSection(SolutionConfigurationPlatforms) = preSolution
		Debug|Any CPU = Debug|Any CPU
		Release|Any CPU = Release|Any CPU
	EndGlobalSection
	GlobalSection(ProjectConfigurationPlatforms) = postSolution
		{31D844F6-2282-453C-B46D-EF6420D918AB}.Debug|Any CPU.ActiveCfg = Debug|Any CPU
		{31D844F6-2282-453C-B46D-EF6420D918AB}.Debug|Any CPU.Build.0 = Debug|Any CPU
		{31D844F6-2282-453C-B46D-EF6420D918AB}.Release|Any CPU.ActiveCfg = Release|Any CPU
		{31D844F6-2282-453C-B46D-EF6420D918AB}.Release|Any CPU.Build.0 = Release|Any CPU
		{6825C9DC-21B0-4DB3-AA61-9D19ED5C3177}.Debug|Any CPU.ActiveCfg = Debug|Any CPU
		{6825C9DC-21B0-4DB3-AA61-9D19ED5C3177}.Debug|Any CPU.Build.0 = Debug|Any CPU
		{6825C9DC-21B0-4DB3-AA61-9D19ED5C3177}.Release|Any CPU.ActiveCfg = Release|Any CPU
		{6825C9DC-21B0-4DB3-AA61-9D19ED5C3177}.Release|Any CPU.Build.0 = Release|Any CPU
	EndGlobalSection
	GlobalSection(SolutionProperties) = preSolution
		HideSolutionNode = FALSE
	EndGlobalSection
	GlobalSection(ExtensibilityGlobals) = postSolution
		SolutionGuid = {C50DFCC5-56C7-4787-9A7D-9FBE0A17B14E}
	EndGlobalSection
EndGlobal
